
Microsoft Visual Studio Solution File, Format Version 12.00
# Visual Studio Version 16
VisualStudioVersion = 16.0.810.19
MinimumVisualStudioVersion = 10.0.40219.1
Project("{FAE04EC0-301F-11D3-BF4B-00C04F79EFBC}") = "m9", "m9\m9.csproj", "{4B6F473C-60EF-441F-A71F-1A005C34655F}"
EndProject
Global
	GlobalSection(SolutionConfigurationPlatforms) = preSolution
		Debug|Any CPU = Debug|Any CPU
		Release|Any CPU = Release|Any CPU
	EndGlobalSection
	GlobalSection(ProjectConfigurationPlatforms) = postSolution
		{4B6F473C-60EF-441F-A71F-1A005C34655F}.Debug|Any CPU.ActiveCfg = Debug|Any CPU
		{4B6F473C-60EF-441F-A71F-1A005C34655F}.Debug|Any CPU.Build.0 = Debug|Any CPU
		{4B6F473C-60EF-441F-A71F-1A005C34655F}.Release|Any CPU.ActiveCfg = Release|Any CPU
		{4B6F473C-60EF-441F-A71F-1A005C34655F}.Release|Any CPU.Build.0 = Release|Any CPU
	EndGlobalSection
	GlobalSection(SolutionProperties) = preSolution
		HideSolutionNode = FALSE
	EndGlobalSection
	GlobalSection(ExtensibilityGlobals) = postSolution
		SolutionGuid = {A5D9250A-EBB9-4FDF-BE9E-40FD328ADA91}
	EndGlobalSection
EndGlobal
